
Microsoft Visual Studio Solution File, Format Version 12.00
# Visual Studio 15
VisualStudioVersion = 15.0.28307.421
MinimumVisualStudioVersion = 10.0.40219.1
Project("{FAE04EC0-301F-11D3-BF4B-00C04F79EFBC}") = "MathServer", "MathServer.csproj", "{584539A2-5172-4EB1-BE65-2179B2D5357D}"
EndProject
Global
	GlobalSection(SolutionConfigurationPlatforms) = preSolution
		Debug|Any CPU = Debug|Any CPU
		Release|Any CPU = Release|Any CPU
	EndGlobalSection
	GlobalSection(ProjectConfigurationPlatforms) = postSolution
		{584539A2-5172-4EB1-BE65-2179B2D5357D}.Debug|Any CPU.ActiveCfg = Debug|Any CPU
		{584539A2-5172-4EB1-BE65-2179B2D5357D}.Debug|Any CPU.Build.0 = Debug|Any CPU
		{584539A2-5172-4EB1-BE65-2179B2D5357D}.Release|Any CPU.ActiveCfg = Release|Any CPU
		{584539A2-5172-4EB1-BE65-2179B2D5357D}.Release|Any CPU.Build.0 = Release|Any CPU
	EndGlobalSection
	GlobalSection(SolutionProperties) = preSolution
		HideSolutionNode = FALSE
	EndGlobalSection
	GlobalSection(ExtensibilityGlobals) = postSolution
		SolutionGuid = {83924F90-11E0-4F33-9C1F-547AF16FCCF3}
	EndGlobalSection
EndGlobal
